
Microsoft Visual Studio Solution File, Format Version 12.00
# Visual Studio 15
VisualStudioVersion = 15.0.27004.2008
MinimumVisualStudioVersion = 10.0.40219.1
Project("{8BC9CEB8-8B4A-11D0-8D11-00A0C91BC942}") = "utilities", "utilities\utilities.vcxproj", "{7E0E0A42-6237-469D-B031-7D9180A8A040}"
EndProject
Global
	GlobalSection(SolutionConfigurationPlatforms) = preSolution
		Debug|x64 = Debug|x64
		Release|x64 = Release|x64
	EndGlobalSection
	GlobalSection(ProjectConfigurationPlatforms) = postSolution
		{7E0E0A42-6237-469D-B031-7D9180A8A040}.Debug|x64.ActiveCfg = Debug|x64
		{7E0E0A42-6237-469D-B031-7D9180A8A040}.Debug|x64.Build.0 = Debug|x64
		{7E0E0A42-6237-469D-B031-7D9180A8A040}.Release|x64.ActiveCfg = Release|x64
		{7E0E0A42-6237-469D-B031-7D9180A8A040}.Release|x64.Build.0 = Release|x64
	EndGlobalSection
	GlobalSection(SolutionProperties) = preSolution
		HideSolutionNode = FALSE
	EndGlobalSection
	GlobalSection(ExtensibilityGlobals) = postSolution
		SolutionGuid = {942BFA31-6BDE-44ED-B38A-C0294C324E74}
	EndGlobalSection
EndGlobal
